{
  "pins" : [
    {
      "identity" : "swift-client",
      "kind" : "remoteSourceControl",
      "location" : "git@github.com:paylike/swift-client.git",
      "state" : {
        "revision" : "326f79fc7db71020017374b2659ae92a99c9c16f",
        "version" : "0.1.0"
      }
    },
    {
      "identity" : "swift-luhn",
      "kind" : "remoteSourceControl",
      "location" : "git@github.com:paylike/swift-luhn.git",
      "state" : {
        "revision" : "3fdf571c85b7935775c6e68e2bfad8e4cd25fddd",
        "version" : "0.1.0"
      }
    },
    {
      "identity" : "swift-money",
      "kind" : "remoteSourceControl",
      "location" : "git@github.com:paylike/swift-money.git",
      "state" : {
        "revision" : "8bf29d7f109062f8a5a7e8e08307efece8ec9199",
        "version" : "0.2.1"
      }
    },
    {
      "identity" : "swift-request",
      "kind" : "remoteSourceControl",
      "location" : "git@github.com:paylike/swift-request.git",
      "state" : {
        "revision" : "23f55f51362039e13b395b877f2f38c63cd69312",
        "version" : "0.2.1"
      }
    }
  ],
  "version" : 2
}
